
Microsoft Visual Studio Solution File, Format Version 12.00
# Visual Studio Version 16
VisualStudioVersion = 16.0.30717.126
MinimumVisualStudioVersion = 10.0.40219.1
Project("{FAE04EC0-301F-11D3-BF4B-00C04F79EFBC}") = "Componentes", "Componentes.csproj", "{8DE07B24-FB9A-4A41-A048-0823F00BD370}"
EndProject
Global
	GlobalSection(SolutionConfigurationPlatforms) = preSolution
		Debug|Any CPU = Debug|Any CPU
		Release|Any CPU = Release|Any CPU
	EndGlobalSection
	GlobalSection(ProjectConfigurationPlatforms) = postSolution
		{8DE07B24-FB9A-4A41-A048-0823F00BD370}.Debug|Any CPU.ActiveCfg = Debug|Any CPU
		{8DE07B24-FB9A-4A41-A048-0823F00BD370}.Debug|Any CPU.Build.0 = Debug|Any CPU
		{8DE07B24-FB9A-4A41-A048-0823F00BD370}.Release|Any CPU.ActiveCfg = Release|Any CPU
		{8DE07B24-FB9A-4A41-A048-0823F00BD370}.Release|Any CPU.Build.0 = Release|Any CPU
	EndGlobalSection
	GlobalSection(SolutionProperties) = preSolution
		HideSolutionNode = FALSE
	EndGlobalSection
	GlobalSection(ExtensibilityGlobals) = postSolution
		SolutionGuid = {CAF8C9BB-C994-4999-9403-17AC6EBBDDF5}
	EndGlobalSection
EndGlobal
